
Microsoft Visual Studio Solution File, Format Version 12.00
# Visual Studio Version 16
VisualStudioVersion = 16.0.31321.278
MinimumVisualStudioVersion = 10.0.40219.1
Project("{FAE04EC0-301F-11D3-BF4B-00C04F79EFBC}") = "GenelC++++", "GenelC++++.csproj", "{0BE91878-1544-44B3-A640-6ECD2E5E22D1}"
EndProject
Global
	GlobalSection(SolutionConfigurationPlatforms) = preSolution
		Debug|Any CPU = Debug|Any CPU
		Release|Any CPU = Release|Any CPU
	EndGlobalSection
	GlobalSection(ProjectConfigurationPlatforms) = postSolution
		{0BE91878-1544-44B3-A640-6ECD2E5E22D1}.Debug|Any CPU.ActiveCfg = Debug|Any CPU
		{0BE91878-1544-44B3-A640-6ECD2E5E22D1}.Debug|Any CPU.Build.0 = Debug|Any CPU
		{0BE91878-1544-44B3-A640-6ECD2E5E22D1}.Release|Any CPU.ActiveCfg = Release|Any CPU
		{0BE91878-1544-44B3-A640-6ECD2E5E22D1}.Release|Any CPU.Build.0 = Release|Any CPU
	EndGlobalSection
	GlobalSection(SolutionProperties) = preSolution
		HideSolutionNode = FALSE
	EndGlobalSection
	GlobalSection(ExtensibilityGlobals) = postSolution
		SolutionGuid = {556B28ED-86D0-4911-93BA-F919E8D71F56}
	EndGlobalSection
EndGlobal
