
Microsoft Visual Studio Solution File, Format Version 12.00
# Visual Studio Version 17
VisualStudioVersion = 17.0.32112.339
MinimumVisualStudioVersion = 10.0.40219.1
Project("{FAE04EC0-301F-11D3-BF4B-00C04F79EFBC}") = "CRM_APP", "CRM_APP\CRM_APP.csproj", "{CA5EC1B3-3DC2-46B1-8621-B66B56B11715}"
EndProject
Global
	GlobalSection(SolutionConfigurationPlatforms) = preSolution
		Debug|Any CPU = Debug|Any CPU
		Release|Any CPU = Release|Any CPU
	EndGlobalSection
	GlobalSection(ProjectConfigurationPlatforms) = postSolution
		{CA5EC1B3-3DC2-46B1-8621-B66B56B11715}.Debug|Any CPU.ActiveCfg = Debug|Any CPU
		{CA5EC1B3-3DC2-46B1-8621-B66B56B11715}.Debug|Any CPU.Build.0 = Debug|Any CPU
		{CA5EC1B3-3DC2-46B1-8621-B66B56B11715}.Release|Any CPU.ActiveCfg = Release|Any CPU
		{CA5EC1B3-3DC2-46B1-8621-B66B56B11715}.Release|Any CPU.Build.0 = Release|Any CPU
	EndGlobalSection
	GlobalSection(SolutionProperties) = preSolution
		HideSolutionNode = FALSE
	EndGlobalSection
	GlobalSection(ExtensibilityGlobals) = postSolution
		SolutionGuid = {B8285A8D-47E2-44CE-88C4-893DE7B76832}
	EndGlobalSection
EndGlobal
